
Microsoft Visual Studio Solution File, Format Version 12.00
# Visual Studio 14
VisualStudioVersion = 14.0.25420.1
MinimumVisualStudioVersion = 10.0.40219.1
Project("{FAE04EC0-301F-11D3-BF4B-00C04F79EFBC}") = "AppFilmes.Android", "AppFilmes\AppFilmes.Android\AppFilmes.Android.csproj", "{BB428D96-755E-4164-8F64-3886FC26894C}"
EndProject
Project("{FAE04EC0-301F-11D3-BF4B-00C04F79EFBC}") = "AppFilmes", "AppFilmes\AppFilmes\AppFilmes.csproj", "{E2F2D93F-7161-4A49-86B7-C424F626C35F}"
EndProject
Project("{FAE04EC0-301F-11D3-BF4B-00C04F79EFBC}") = "AppFilmes.iOS", "AppFilmes\AppFilmes.iOS\AppFilmes.iOS.csproj", "{DD9A858E-E878-408D-B725-93B39800A8E3}"
EndProject
Global
	GlobalSection(SolutionConfigurationPlatforms) = preSolution
		Ad-Hoc|Any CPU = Ad-Hoc|Any CPU
		Ad-Hoc|iPhone = Ad-Hoc|iPhone
		Ad-Hoc|iPhoneSimulator = Ad-Hoc|iPhoneSimulator
		AppStore|Any CPU = AppStore|Any CPU
		AppStore|iPhone = AppStore|iPhone
		AppStore|iPhoneSimulator = AppStore|iPhoneSimulator
		Debug|Any CPU = Debug|Any CPU
		Debug|iPhone = Debug|iPhone
		Debug|iPhoneSimulator = Debug|iPhoneSimulator
		Release|Any CPU = Release|Any CPU
		Release|iPhone = Release|iPhone
		Release|iPhoneSimulator = Release|iPhoneSimulator
	EndGlobalSection
	GlobalSection(ProjectConfigurationPlatforms) = postSolution
		{BB428D96-755E-4164-8F64-3886FC26894C}.Ad-Hoc|Any CPU.ActiveCfg = Release|Any CPU
		{BB428D96-755E-4164-8F64-3886FC26894C}.Ad-Hoc|Any CPU.Build.0 = Release|Any CPU
		{BB428D96-755E-4164-8F64-3886FC26894C}.Ad-Hoc|Any CPU.Deploy.0 = Release|Any CPU
		{BB428D96-755E-4164-8F64-3886FC26894C}.Ad-Hoc|iPhone.ActiveCfg = Release|Any CPU
		{BB428D96-755E-4164-8F64-3886FC26894C}.Ad-Hoc|iPhone.Build.0 = Release|Any CPU
		{BB428D96-755E-4164-8F64-3886FC26894C}.Ad-Hoc|iPhone.Deploy.0 = Release|Any CPU
		{BB428D96-755E-4164-8F64-3886FC26894C}.Ad-Hoc|iPhoneSimulator.ActiveCfg = Release|Any CPU
		{BB428D96-755E-4164-8F64-3886FC26894C}.Ad-Hoc|iPhoneSimulator.Build.0 = Release|Any CPU
		{BB428D96-755E-4164-8F64-3886FC26894C}.Ad-Hoc|iPhoneSimulator.Deploy.0 = Release|Any CPU
		{BB428D96-755E-4164-8F64-3886FC26894C}.AppStore|Any CPU.ActiveCfg = Release|Any CPU
		{BB428D96-755E-4164-8F64-3886FC26894C}.AppStore|Any CPU.Build.0 = Release|Any CPU
		{BB428D96-755E-4164-8F64-3886FC26894C}.AppStore|Any CPU.Deploy.0 = Release|Any CPU
		{BB428D96-755E-4164-8F64-3886FC26894C}.AppStore|iPhone.ActiveCfg = Release|Any CPU
		{BB428D96-755E-4164-8F64-3886FC26894C}.AppStore|iPhone.Build.0 = Release|Any CPU
		{BB428D96-755E-4164-8F64-3886FC26894C}.AppStore|iPhone.Deploy.0 = Release|Any CPU
		{BB428D96-755E-4164-8F64-3886FC26894C}.AppStore|iPhoneSimulator.ActiveCfg = Release|Any CPU
		{BB428D96-755E-4164-8F64-3886FC26894C}.AppStore|iPhoneSimulator.Build.0 = Release|Any CPU
		{BB428D96-755E-4164-8F64-3886FC26894C}.AppStore|iPhoneSimulator.Deploy.0 = Release|Any CPU
		{BB428D96-755E-4164-8F64-3886FC26894C}.Debug|Any CPU.ActiveCfg = Debug|Any CPU
		{BB428D96-755E-4164-8F64-3886FC26894C}.Debug|Any CPU.Build.0 = Debug|Any CPU
		{BB428D96-755E-4164-8F64-3886FC26894C}.Debug|Any CPU.Deploy.0 = Debug|Any CPU
		{BB428D96-755E-4164-8F64-3886FC26894C}.Debug|iPhone.ActiveCfg = Debug|Any CPU
		{BB428D96-755E-4164-8F64-3886FC26894C}.Debug|iPhone.Build.0 = Debug|Any CPU
		{BB428D96-755E-4164-8F64-3886FC26894C}.Debug|iPhone.Deploy.0 = Debug|Any CPU
		{BB428D96-755E-4164-8F64-3886FC26894C}.Debug|iPhoneSimulator.ActiveCfg = Debug|Any CPU
		{BB428D96-755E-4164-8F64-3886FC26894C}.Debug|iPhoneSimulator.Build.0 = Debug|Any CPU
		{BB428D96-755E-4164-8F64-3886FC26894C}.Debug|iPhoneSimulator.Deploy.0 = Debug|Any CPU
		{BB428D96-755E-4164-8F64-3886FC26894C}.Release|Any CPU.ActiveCfg = Release|Any CPU
		{BB428D96-755E-4164-8F64-3886FC26894C}.Release|Any CPU.Build.0 = Release|Any CPU
		{BB428D96-755E-4164-8F64-3886FC26894C}.Release|Any CPU.Deploy.0 = Release|Any CPU
		{BB428D96-755E-4164-8F64-3886FC26894C}.Release|iPhone.ActiveCfg = Release|Any CPU
		{BB428D96-755E-4164-8F64-3886FC26894C}.Release|iPhone.Build.0 = Release|Any CPU
		{BB428D96-755E-4164-8F64-3886FC26894C}.Release|iPhone.Deploy.0 = Release|Any CPU
		{BB428D96-755E-4164-8F64-3886FC26894C}.Release|iPhoneSimulator.ActiveCfg = Release|Any CPU
		{BB428D96-755E-4164-8F64-3886FC26894C}.Release|iPhoneSimulator.Build.0 = Release|Any CPU
		{BB428D96-755E-4164-8F64-3886FC26894C}.Release|iPhoneSimulator.Deploy.0 = Release|Any CPU
		{E2F2D93F-7161-4A49-86B7-C424F626C35F}.Ad-Hoc|Any CPU.ActiveCfg = Release|Any CPU
		{E2F2D93F-7161-4A49-86B7-C424F626C35F}.Ad-Hoc|Any CPU.Build.0 = Release|Any CPU
		{E2F2D93F-7161-4A49-86B7-C424F626C35F}.Ad-Hoc|iPhone.ActiveCfg = Release|Any CPU
		{E2F2D93F-7161-4A49-86B7-C424F626C35F}.Ad-Hoc|iPhone.Build.0 = Release|Any CPU
		{E2F2D93F-7161-4A49-86B7-C424F626C35F}.Ad-Hoc|iPhoneSimulator.ActiveCfg = Release|Any CPU
		{E2F2D93F-7161-4A49-86B7-C424F626C35F}.Ad-Hoc|iPhoneSimulator.Build.0 = Release|Any CPU
		{E2F2D93F-7161-4A49-86B7-C424F626C35F}.AppStore|Any CPU.ActiveCfg = Release|Any CPU
		{E2F2D93F-7161-4A49-86B7-C424F626C35F}.AppStore|Any CPU.Build.0 = Release|Any CPU
		{E2F2D93F-7161-4A49-86B7-C424F626C35F}.AppStore|iPhone.ActiveCfg = Release|Any CPU
		{E2F2D93F-7161-4A49-86B7-C424F626C35F}.AppStore|iPhone.Build.0 = Release|Any CPU
		{E2F2D93F-7161-4A49-86B7-C424F626C35F}.AppStore|iPhoneSimulator.ActiveCfg = Release|Any CPU
		{E2F2D93F-7161-4A49-86B7-C424F626C35F}.AppStore|iPhoneSimulator.Build.0 = Release|Any CPU
		{E2F2D93F-7161-4A49-86B7-C424F626C35F}.Debug|Any CPU.ActiveCfg = Debug|Any CPU
		{E2F2D93F-7161-4A49-86B7-C424F626C35F}.Debug|Any CPU.Build.0 = Debug|Any CPU
		{E2F2D93F-7161-4A49-86B7-C424F626C35F}.Debug|iPhone.ActiveCfg = Debug|Any CPU
		{E2F2D93F-7161-4A49-86B7-C424F626C35F}.Debug|iPhone.Build.0 = Debug|Any CPU
		{E2F2D93F-7161-4A49-86B7-C424F626C35F}.Debug|iPhoneSimulator.ActiveCfg = Debug|Any CPU
		{E2F2D93F-7161-4A49-86B7-C424F626C35F}.Debug|iPhoneSimulator.Build.0 = Debug|Any CPU
		{E2F2D93F-7161-4A49-86B7-C424F626C35F}.Release|Any CPU.ActiveCfg = Release|Any CPU
		{E2F2D93F-7161-4A49-86B7-C424F626C35F}.Release|Any CPU.Build.0 = Release|Any CPU
		{E2F2D93F-7161-4A49-86B7-C424F626C35F}.Release|iPhone.ActiveCfg = Release|Any CPU
		{E2F2D93F-7161-4A49-86B7-C424F626C35F}.Release|iPhone.Build.0 = Release|Any CPU
		{E2F2D93F-7161-4A49-86B7-C424F626C35F}.Release|iPhoneSimulator.ActiveCfg = Release|Any CPU
		{E2F2D93F-7161-4A49-86B7-C424F626C35F}.Release|iPhoneSimulator.Build.0 = Release|Any CPU
		{DD9A858E-E878-408D-B725-93B39800A8E3}.Ad-Hoc|Any CPU.ActiveCfg = Ad-Hoc|iPhone
		{DD9A858E-E878-408D-B725-93B39800A8E3}.Ad-Hoc|iPhone.ActiveCfg = Ad-Hoc|iPhone
		{DD9A858E-E878-408D-B725-93B39800A8E3}.Ad-Hoc|iPhone.Build.0 = Ad-Hoc|iPhone
		{DD9A858E-E878-408D-B725-93B39800A8E3}.Ad-Hoc|iPhoneSimulator.ActiveCfg = Ad-Hoc|iPhoneSimulator
		{DD9A858E-E878-408D-B725-93B39800A8E3}.Ad-Hoc|iPhoneSimulator.Build.0 = Ad-Hoc|iPhoneSimulator
		{DD9A858E-E878-408D-B725-93B39800A8E3}.AppStore|Any CPU.ActiveCfg = AppStore|iPhone
		{DD9A858E-E878-408D-B725-93B39800A8E3}.AppStore|iPhone.ActiveCfg = AppStore|iPhone
		{DD9A858E-E878-408D-B725-93B39800A8E3}.AppStore|iPhone.Build.0 = AppStore|iPhone
		{DD9A858E-E878-408D-B725-93B39800A8E3}.AppStore|iPhoneSimulator.ActiveCfg = AppStore|iPhoneSimulator
		{DD9A858E-E878-408D-B725-93B39800A8E3}.AppStore|iPhoneSimulator.Build.0 = AppStore|iPhoneSimulator
		{DD9A858E-E878-408D-B725-93B39800A8E3}.Debug|Any CPU.ActiveCfg = Debug|iPhone
		{DD9A858E-E878-408D-B725-93B39800A8E3}.Debug|iPhone.ActiveCfg = Debug|iPhone
		{DD9A858E-E878-408D-B725-93B39800A8E3}.Debug|iPhone.Build.0 = Debug|iPhone
		{DD9A858E-E878-408D-B725-93B39800A8E3}.Debug|iPhoneSimulator.ActiveCfg = Debug|iPhoneSimulator
		{DD9A858E-E878-408D-B725-93B39800A8E3}.Debug|iPhoneSimulator.Build.0 = Debug|iPhoneSimulator
		{DD9A858E-E878-408D-B725-93B39800A8E3}.Release|Any CPU.ActiveCfg = Release|iPhone
		{DD9A858E-E878-408D-B725-93B39800A8E3}.Release|iPhone.ActiveCfg = Release|iPhone
		{DD9A858E-E878-408D-B725-93B39800A8E3}.Release|iPhone.Build.0 = Release|iPhone
		{DD9A858E-E878-408D-B725-93B39800A8E3}.Release|iPhoneSimulator.ActiveCfg = Release|iPhoneSimulator
		{DD9A858E-E878-408D-B725-93B39800A8E3}.Release|iPhoneSimulator.Build.0 = Release|iPhoneSimulator
	EndGlobalSection
	GlobalSection(SolutionProperties) = preSolution
		HideSolutionNode = FALSE
	EndGlobalSection
EndGlobal
